
Microsoft Visual Studio Solution File, Format Version 12.00
Project("{FAE04EC0-301F-11D3-BF4B-00C04F79EFBC}") = "CSharp", "CSharp.csproj", "{77A1C753-BDF5-4A7B-B278-17390C15EACA}"
EndProject
Global
	GlobalSection(SolutionConfigurationPlatforms) = preSolution
		Debug|Any CPU = Debug|Any CPU
		Release|Any CPU = Release|Any CPU
	EndGlobalSection
	GlobalSection(ProjectConfigurationPlatforms) = postSolution
		{77A1C753-BDF5-4A7B-B278-17390C15EACA}.Debug|Any CPU.ActiveCfg = Debug|Any CPU
		{77A1C753-BDF5-4A7B-B278-17390C15EACA}.Debug|Any CPU.Build.0 = Debug|Any CPU
		{77A1C753-BDF5-4A7B-B278-17390C15EACA}.Release|Any CPU.ActiveCfg = Release|Any CPU
		{77A1C753-BDF5-4A7B-B278-17390C15EACA}.Release|Any CPU.Build.0 = Release|Any CPU
	EndGlobalSection
EndGlobal
